// !$*UTF8*$!
{
	archiveVersion = 1;
	classes = {
	};
	objectVersion = 56;
	objects = {

/* Begin PBXBuildFile section */
		362D110729F91F660080BD8B /* ToolsViewController.swift in Sources */ = {isa = PBXBuildFile; fileRef = 362D110629F91F660080BD8B /* ToolsViewController.swift */; };
		362D110929F923750080BD8B /* GoogleService-Info.plist in Resources */ = {isa = PBXBuildFile; fileRef = 362D110829F923750080BD8B /* GoogleService-Info.plist */; };
		362D110B29F924530080BD8B /* User.swift in Sources */ = {isa = PBXBuildFile; fileRef = 362D110A29F924530080BD8B /* User.swift */; };
		362D110D29F925230080BD8B /* FirebaseController.swift in Sources */ = {isa = PBXBuildFile; fileRef = 362D110C29F925230080BD8B /* FirebaseController.swift */; };
		362D110F29F925720080BD8B /* DatabaseProtocol.swift in Sources */ = {isa = PBXBuildFile; fileRef = 362D110E29F925720080BD8B /* DatabaseProtocol.swift */; };
		362D111229F9279D0080BD8B /* MulticastDelegate.swift in Sources */ = {isa = PBXBuildFile; fileRef = 362D111129F9279D0080BD8B /* MulticastDelegate.swift */; };
		365CA9EB29F79CF10098DD7A /* AppDelegate.swift in Sources */ = {isa = PBXBuildFile; fileRef = 365CA9EA29F79CF10098DD7A /* AppDelegate.swift */; };
		365CA9ED29F79CF10098DD7A /* SceneDelegate.swift in Sources */ = {isa = PBXBuildFile; fileRef = 365CA9EC29F79CF10098DD7A /* SceneDelegate.swift */; };
		365CA9EF29F79CF10098DD7A /* ViewController.swift in Sources */ = {isa = PBXBuildFile; fileRef = 365CA9EE29F79CF10098DD7A /* ViewController.swift */; };
		365CA9F229F79CF10098DD7A /* Main.storyboard in Resources */ = {isa = PBXBuildFile; fileRef = 365CA9F029F79CF10098DD7A /* Main.storyboard */; };
		365CA9F429F79CF20098DD7A /* Assets.xcassets in Resources */ = {isa = PBXBuildFile; fileRef = 365CA9F329F79CF20098DD7A /* Assets.xcassets */; };
		365CA9F729F79CF20098DD7A /* LaunchScreen.storyboard in Resources */ = {isa = PBXBuildFile; fileRef = 365CA9F529F79CF20098DD7A /* LaunchScreen.storyboard */; };
		365CA9FF29F7A35C0098DD7A /* SignViewController.swift in Sources */ = {isa = PBXBuildFile; fileRef = 365CA9FE29F7A35C0098DD7A /* SignViewController.swift */; };
		367D0B8229F7B3F7004828A3 /* sign.mp4 in Resources */ = {isa = PBXBuildFile; fileRef = 367D0B8129F7B3F7004828A3 /* sign.mp4 */; };
		367D0B8529F7C4C4004828A3 /* FirebaseAuth in Frameworks */ = {isa = PBXBuildFile; productRef = 367D0B8429F7C4C4004828A3 /* FirebaseAuth */; };
		367D0B8729F7C4C4004828A3 /* FirebaseFirestore in Frameworks */ = {isa = PBXBuildFile; productRef = 367D0B8629F7C4C4004828A3 /* FirebaseFirestore */; };
		367D0B8929F7C4C4004828A3 /* FirebaseFirestoreSwift in Frameworks */ = {isa = PBXBuildFile; productRef = 367D0B8829F7C4C4004828A3 /* FirebaseFirestoreSwift */; };
		BAA3585A2A00FBB100158F0E /* Translating.swift in Sources */ = {isa = PBXBuildFile; fileRef = BAA358592A00FBB100158F0E /* Translating.swift */; };
		BAA3585E2A01179100158F0E /* TranslatedText.swift in Sources */ = {isa = PBXBuildFile; fileRef = BAA3585D2A01179100158F0E /* TranslatedText.swift */; };
/* End PBXBuildFile section */

/* Begin PBXFileReference section */
		362D110629F91F660080BD8B /* ToolsViewController.swift */ = {isa = PBXFileReference; lastKnownFileType = sourcecode.swift; path = ToolsViewController.swift; sourceTree = "<group>"; };
		362D110829F923750080BD8B /* GoogleService-Info.plist */ = {isa = PBXFileReference; fileEncoding = 4; lastKnownFileType = text.plist.xml; path = "GoogleService-Info.plist"; sourceTree = "<group>"; };
		362D110A29F924530080BD8B /* User.swift */ = {isa = PBXFileReference; lastKnownFileType = sourcecode.swift; path = User.swift; sourceTree = "<group>"; };
		362D110C29F925230080BD8B /* FirebaseController.swift */ = {isa = PBXFileReference; lastKnownFileType = sourcecode.swift; path = FirebaseController.swift; sourceTree = "<group>"; };
		362D110E29F925720080BD8B /* DatabaseProtocol.swift */ = {isa = PBXFileReference; lastKnownFileType = sourcecode.swift; path = DatabaseProtocol.swift; sourceTree = "<group>"; };
		362D111129F9279D0080BD8B /* MulticastDelegate.swift */ = {isa = PBXFileReference; fileEncoding = 4; lastKnownFileType = sourcecode.swift; path = MulticastDelegate.swift; sourceTree = "<group>"; };
		365CA9E729F79CF10098DD7A /* Tripo.app */ = {isa = PBXFileReference; explicitFileType = wrapper.application; includeInIndex = 0; path = Tripo.app; sourceTree = BUILT_PRODUCTS_DIR; };
		365CA9EA29F79CF10098DD7A /* AppDelegate.swift */ = {isa = PBXFileReference; lastKnownFileType = sourcecode.swift; path = AppDelegate.swift; sourceTree = "<group>"; };
		365CA9EC29F79CF10098DD7A /* SceneDelegate.swift */ = {isa = PBXFileReference; lastKnownFileType = sourcecode.swift; path = SceneDelegate.swift; sourceTree = "<group>"; };
		365CA9EE29F79CF10098DD7A /* ViewController.swift */ = {isa = PBXFileReference; lastKnownFileType = sourcecode.swift; path = ViewController.swift; sourceTree = "<group>"; };
		365CA9F129F79CF10098DD7A /* Base */ = {isa = PBXFileReference; lastKnownFileType = file.storyboard; name = Base; path = Base.lproj/Main.storyboard; sourceTree = "<group>"; };
		365CA9F329F79CF20098DD7A /* Assets.xcassets */ = {isa = PBXFileReference; lastKnownFileType = folder.assetcatalog; path = Assets.xcassets; sourceTree = "<group>"; };
		365CA9F629F79CF20098DD7A /* Base */ = {isa = PBXFileReference; lastKnownFileType = file.storyboard; name = Base; path = Base.lproj/LaunchScreen.storyboard; sourceTree = "<group>"; };
		365CA9F829F79CF20098DD7A /* Info.plist */ = {isa = PBXFileReference; lastKnownFileType = text.plist.xml; path = Info.plist; sourceTree = "<group>"; };
		365CA9FE29F7A35C0098DD7A /* SignViewController.swift */ = {isa = PBXFileReference; lastKnownFileType = sourcecode.swift; path = SignViewController.swift; sourceTree = "<group>"; };
		367D0B8129F7B3F7004828A3 /* sign.mp4 */ = {isa = PBXFileReference; lastKnownFileType = file; path = sign.mp4; sourceTree = "<group>"; };
		BAA358592A00FBB100158F0E /* Translating.swift */ = {isa = PBXFileReference; lastKnownFileType = sourcecode.swift; path = Translating.swift; sourceTree = "<group>"; };
		BAA3585D2A01179100158F0E /* TranslatedText.swift */ = {isa = PBXFileReference; lastKnownFileType = sourcecode.swift; path = TranslatedText.swift; sourceTree = "<group>"; };
/* End PBXFileReference section */

/* Begin PBXFrameworksBuildPhase section */
		365CA9E429F79CF10098DD7A /* Frameworks */ = {
			isa = PBXFrameworksBuildPhase;
			buildActionMask = 2147483647;
			files = (
				367D0B8529F7C4C4004828A3 /* FirebaseAuth in Frameworks */,
				367D0B8729F7C4C4004828A3 /* FirebaseFirestore in Frameworks */,
				367D0B8929F7C4C4004828A3 /* FirebaseFirestoreSwift in Frameworks */,
			);
			runOnlyForDeploymentPostprocessing = 0;
		};
/* End PBXFrameworksBuildPhase section */

/* Begin PBXGroup section */
		362D111029F9277A0080BD8B /* ds */ = {
			isa = PBXGroup;
			children = (
				362D110E29F925720080BD8B /* DatabaseProtocol.swift */,
				362D111129F9279D0080BD8B /* MulticastDelegate.swift */,
			);
			path = ds;
			sourceTree = "<group>";
		};
		365CA9DE29F79CF00098DD7A = {
			isa = PBXGroup;
			children = (
				365CA9E929F79CF10098DD7A /* Tripo */,
				365CA9E829F79CF10098DD7A /* Products */,
			);
			sourceTree = "<group>";
		};
		365CA9E829F79CF10098DD7A /* Products */ = {
			isa = PBXGroup;
			children = (
				365CA9E729F79CF10098DD7A /* Tripo.app */,
			);
			name = Products;
			sourceTree = "<group>";
		};
		365CA9E929F79CF10098DD7A /* Tripo */ = {
			isa = PBXGroup;
			children = (
				362D111029F9277A0080BD8B /* ds */,
				365CA9EA29F79CF10098DD7A /* AppDelegate.swift */,
				365CA9EC29F79CF10098DD7A /* SceneDelegate.swift */,
				365CA9EE29F79CF10098DD7A /* ViewController.swift */,
				365CA9F029F79CF10098DD7A /* Main.storyboard */,
				365CA9F329F79CF20098DD7A /* Assets.xcassets */,
				365CA9F529F79CF20098DD7A /* LaunchScreen.storyboard */,
				365CA9F829F79CF20098DD7A /* Info.plist */,
				365CA9FE29F7A35C0098DD7A /* SignViewController.swift */,
				367D0B8129F7B3F7004828A3 /* sign.mp4 */,
				362D110629F91F660080BD8B /* ToolsViewController.swift */,
				362D110829F923750080BD8B /* GoogleService-Info.plist */,
				362D110A29F924530080BD8B /* User.swift */,
				362D110C29F925230080BD8B /* FirebaseController.swift */,
				BAA358592A00FBB100158F0E /* Translating.swift */,
				BAA3585D2A01179100158F0E /* TranslatedText.swift */,
			);
			path = Tripo;
			sourceTree = "<group>";
		};
/* End PBXGroup section */

/* Begin PBXNativeTarget section */
		365CA9E629F79CF10098DD7A /* Tripo */ = {
			isa = PBXNativeTarget;
			buildConfigurationList = 365CA9FB29F79CF20098DD7A /* Build configuration list for PBXNativeTarget "Tripo" */;
			buildPhases = (
				365CA9E329F79CF10098DD7A /* Sources */,
				365CA9E429F79CF10098DD7A /* Frameworks */,
				365CA9E529F79CF10098DD7A /* Resources */,
			);
			buildRules = (
			);
			dependencies = (
			);
			name = Tripo;
			packageProductDependencies = (
				367D0B8429F7C4C4004828A3 /* FirebaseAuth */,
				367D0B8629F7C4C4004828A3 /* FirebaseFirestore */,
				367D0B8829F7C4C4004828A3 /* FirebaseFirestoreSwift */,
			);
			productName = Tripo;
			productReference = 365CA9E729F79CF10098DD7A /* Tripo.app */;
			productType = "com.apple.product-type.application";
		};
/* End PBXNativeTarget section */

/* Begin PBXProject section */
		365CA9DF29F79CF00098DD7A /* Project object */ = {
			isa = PBXProject;
			attributes = {
				BuildIndependentTargetsInParallel = 1;
				LastSwiftUpdateCheck = 1420;
				LastUpgradeCheck = 1420;
				TargetAttributes = {
					365CA9E629F79CF10098DD7A = {
						CreatedOnToolsVersion = 14.2;
					};
				};
			};
			buildConfigurationList = 365CA9E229F79CF00098DD7A /* Build configuration list for PBXProject "Tripo" */;
			compatibilityVersion = "Xcode 14.0";
			developmentRegion = en;
			hasScannedForEncodings = 0;
			knownRegions = (
				en,
				Base,
			);
			mainGroup = 365CA9DE29F79CF00098DD7A;
			packageReferences = (
				367D0B8329F7C4C4004828A3 /* XCRemoteSwiftPackageReference "firebase-ios-sdk" */,
			);
			productRefGroup = 365CA9E829F79CF10098DD7A /* Products */;
			projectDirPath = "";
			projectRoot = "";
			targets = (
				365CA9E629F79CF10098DD7A /* Tripo */,
			);
		};
/* End PBXProject section */

/* Begin PBXResourcesBuildPhase section */
		365CA9E529F79CF10098DD7A /* Resources */ = {
			isa = PBXResourcesBuildPhase;
			buildActionMask = 2147483647;
			files = (
				365CA9F729F79CF20098DD7A /* LaunchScreen.storyboard in Resources */,
				365CA9F429F79CF20098DD7A /* Assets.xcassets in Resources */,
				362D110929F923750080BD8B /* GoogleService-Info.plist in Resources */,
				367D0B8229F7B3F7004828A3 /* sign.mp4 in Resources */,
				365CA9F229F79CF10098DD7A /* Main.storyboard in Resources */,
			);
			runOnlyForDeploymentPostprocessing = 0;
		};
/* End PBXResourcesBuildPhase section */

/* Begin PBXSourcesBuildPhase section */
		365CA9E329F79CF10098DD7A /* Sources */ = {
			isa = PBXSourcesBuildPhase;
			buildActionMask = 2147483647;
			files = (
				365CA9EF29F79CF10098DD7A /* ViewController.swift in Sources */,
				BAA3585E2A01179100158F0E /* TranslatedText.swift in Sources */,
				362D110D29F925230080BD8B /* FirebaseController.swift in Sources */,
				362D110729F91F660080BD8B /* ToolsViewController.swift in Sources */,
				362D110B29F924530080BD8B /* User.swift in Sources */,
				365CA9EB29F79CF10098DD7A /* AppDelegate.swift in Sources */,
				362D110F29F925720080BD8B /* DatabaseProtocol.swift in Sources */,
				365CA9ED29F79CF10098DD7A /* SceneDelegate.swift in Sources */,
				BAA3585A2A00FBB100158F0E /* Translating.swift in Sources */,
				365CA9FF29F7A35C0098DD7A /* SignViewController.swift in Sources */,
				362D111229F9279D0080BD8B /* MulticastDelegate.swift in Sources */,
			);
			runOnlyForDeploymentPostprocessing = 0;
		};
/* End PBXSourcesBuildPhase section */

/* Begin PBXVariantGroup section */
		365CA9F029F79CF10098DD7A /* Main.storyboard */ = {
			isa = PBXVariantGroup;
			children = (
				365CA9F129F79CF10098DD7A /* Base */,
			);
			name = Main.storyboard;
			sourceTree = "<group>";
		};
		365CA9F529F79CF20098DD7A /* LaunchScreen.storyboard */ = {
			isa = PBXVariantGroup;
			children = (
				365CA9F629F79CF20098DD7A /* Base */,
			);
			name = LaunchScreen.storyboard;
			sourceTree = "<group>";
		};
/* End PBXVariantGroup section */

/* Begin XCBuildConfiguration section */
		365CA9F929F79CF20098DD7A /* Debug */ = {
			isa = XCBuildConfiguration;
			buildSettings = {
				ALWAYS_SEARCH_USER_PATHS = NO;
				CLANG_ANALYZER_NONNULL = YES;
				CLANG_ANALYZER_NUMBER_OBJECT_CONVERSION = YES_AGGRESSIVE;
				CLANG_CXX_LANGUAGE_STANDARD = "gnu++20";
				CLANG_ENABLE_MODULES = YES;
				CLANG_ENABLE_OBJC_ARC = YES;
				CLANG_ENABLE_OBJC_WEAK = YES;
				CLANG_WARN_BLOCK_CAPTURE_AUTORELEASING = YES;
				CLANG_WARN_BOOL_CONVERSION = YES;
				CLANG_WARN_COMMA = YES;
				CLANG_WARN_CONSTANT_CONVERSION = YES;
				CLANG_WARN_DEPRECATED_OBJC_IMPLEMENTATIONS = YES;
				CLANG_WARN_DIRECT_OBJC_ISA_USAGE = YES_ERROR;
				CLANG_WARN_DOCUMENTATION_COMMENTS = YES;
				CLANG_WARN_EMPTY_BODY = YES;
				CLANG_WARN_ENUM_CONVERSION = YES;
				CLANG_WARN_INFINITE_RECURSION = YES;
				CLANG_WARN_INT_CONVERSION = YES;
				CLANG_WARN_NON_LITERAL_NULL_CONVERSION = YES;
				CLANG_WARN_OBJC_IMPLICIT_RETAIN_SELF = YES;
				CLANG_WARN_OBJC_LITERAL_CONVERSION = YES;
				CLANG_WARN_OBJC_ROOT_CLASS = YES_ERROR;
				CLANG_WARN_QUOTED_INCLUDE_IN_FRAMEWORK_HEADER = YES;
				CLANG_WARN_RANGE_LOOP_ANALYSIS = YES;
				CLANG_WARN_STRICT_PROTOTYPES = YES;
				CLANG_WARN_SUSPICIOUS_MOVE = YES;
				CLANG_WARN_UNGUARDED_AVAILABILITY = YES_AGGRESSIVE;
				CLANG_WARN_UNREACHABLE_CODE = YES;
				CLANG_WARN__DUPLICATE_METHOD_MATCH = YES;
				COPY_PHASE_STRIP = NO;
				DEBUG_INFORMATION_FORMAT = dwarf;
				ENABLE_STRICT_OBJC_MSGSEND = YES;
				ENABLE_TESTABILITY = YES;
				GCC_C_LANGUAGE_STANDARD = gnu11;
				GCC_DYNAMIC_NO_PIC = NO;
				GCC_NO_COMMON_BLOCKS = YES;
				GCC_OPTIMIZATION_LEVEL = 0;
				GCC_PREPROCESSOR_DEFINITIONS = (
					"DEBUG=1",
					"$(inherited)",
				);
				GCC_WARN_64_TO_32_BIT_CONVERSION = YES;
				GCC_WARN_ABOUT_RETURN_TYPE = YES_ERROR;
				GCC_WARN_UNDECLARED_SELECTOR = YES;
				GCC_WARN_UNINITIALIZED_AUTOS = YES_AGGRESSIVE;
				GCC_WARN_UNUSED_FUNCTION = YES;
				GCC_WARN_UNUSED_VARIABLE = YES;
				IPHONEOS_DEPLOYMENT_TARGET = 16.2;
				MTL_ENABLE_DEBUG_INFO = INCLUDE_SOURCE;
				MTL_FAST_MATH = YES;
				ONLY_ACTIVE_ARCH = YES;
				SDKROOT = iphoneos;
				SWIFT_ACTIVE_COMPILATION_CONDITIONS = DEBUG;
				SWIFT_OPTIMIZATION_LEVEL = "-Onone";
			};
			name = Debug;
		};
		365CA9FA29F79CF20098DD7A /* Release */ = {
			isa = XCBuildConfiguration;
			buildSettings = {
				ALWAYS_SEARCH_USER_PATHS = NO;
				CLANG_ANALYZER_NONNULL = YES;
				CLANG_ANALYZER_NUMBER_OBJECT_CONVERSION = YES_AGGRESSIVE;
				CLANG_CXX_LANGUAGE_STANDARD = "gnu++20";
				CLANG_ENABLE_MODULES = YES;
				CLANG_ENABLE_OBJC_ARC = YES;
				CLANG_ENABLE_OBJC_WEAK = YES;
				CLANG_WARN_BLOCK_CAPTURE_AUTORELEASING = YES;
				CLANG_WARN_BOOL_CONVERSION = YES;
				CLANG_WARN_COMMA = YES;
				CLANG_WARN_CONSTANT_CONVERSION = YES;
				CLANG_WARN_DEPRECATED_OBJC_IMPLEMENTATIONS = YES;
				CLANG_WARN_DIRECT_OBJC_ISA_USAGE = YES_ERROR;
				CLANG_WARN_DOCUMENTATION_COMMENTS = YES;
				CLANG_WARN_EMPTY_BODY = YES;
				CLANG_WARN_ENUM_CONVERSION = YES;
				CLANG_WARN_INFINITE_RECURSION = YES;
				CLANG_WARN_INT_CONVERSION = YES;
				CLANG_WARN_NON_LITERAL_NULL_CONVERSION = YES;
				CLANG_WARN_OBJC_IMPLICIT_RETAIN_SELF = YES;
				CLANG_WARN_OBJC_LITERAL_CONVERSION = YES;
				CLANG_WARN_OBJC_ROOT_CLASS = YES_ERROR;
				CLANG_WARN_QUOTED_INCLUDE_IN_FRAMEWORK_HEADER = YES;
				CLANG_WARN_RANGE_LOOP_ANALYSIS = YES;
				CLANG_WARN_STRICT_PROTOTYPES = YES;
				CLANG_WARN_SUSPICIOUS_MOVE = YES;
				CLANG_WARN_UNGUARDED_AVAILABILITY = YES_AGGRESSIVE;
				CLANG_WARN_UNREACHABLE_CODE = YES;
				CLANG_WARN__DUPLICATE_METHOD_MATCH = YES;
				COPY_PHASE_STRIP = NO;
				DEBUG_INFORMATION_FORMAT = "dwarf-with-dsym";
				ENABLE_NS_ASSERTIONS = NO;
				ENABLE_STRICT_OBJC_MSGSEND = YES;
				GCC_C_LANGUAGE_STANDARD = gnu11;
				GCC_NO_COMMON_BLOCKS = YES;
				GCC_WARN_64_TO_32_BIT_CONVERSION = YES;
				GCC_WARN_ABOUT_RETURN_TYPE = YES_ERROR;
				GCC_WARN_UNDECLARED_SELECTOR = YES;
				GCC_WARN_UNINITIALIZED_AUTOS = YES_AGGRESSIVE;
				GCC_WARN_UNUSED_FUNCTION = YES;
				GCC_WARN_UNUSED_VARIABLE = YES;
				IPHONEOS_DEPLOYMENT_TARGET = 16.2;
				MTL_ENABLE_DEBUG_INFO = NO;
				MTL_FAST_MATH = YES;
				SDKROOT = iphoneos;
				SWIFT_COMPILATION_MODE = wholemodule;
				SWIFT_OPTIMIZATION_LEVEL = "-O";
				VALIDATE_PRODUCT = YES;
			};
			name = Release;
		};
		365CA9FC29F79CF20098DD7A /* Debug */ = {
			isa = XCBuildConfiguration;
			buildSettings = {
				ASSETCATALOG_COMPILER_APPICON_NAME = AppIcon;
				ASSETCATALOG_COMPILER_GLOBAL_ACCENT_COLOR_NAME = AccentColor;
				CODE_SIGN_STYLE = Automatic;
				CURRENT_PROJECT_VERSION = 1;
				GENERATE_INFOPLIST_FILE = YES;
				INFOPLIST_FILE = Tripo/Info.plist;
				INFOPLIST_KEY_UIApplicationSupportsIndirectInputEvents = YES;
				INFOPLIST_KEY_UILaunchStoryboardName = LaunchScreen;
				INFOPLIST_KEY_UIMainStoryboardFile = Main;
				INFOPLIST_KEY_UIRequiresFullScreen = NO;
				INFOPLIST_KEY_UISupportedInterfaceOrientations_iPad = "UIInterfaceOrientationPortrait UIInterfaceOrientationPortraitUpsideDown UIInterfaceOrientationLandscapeLeft UIInterfaceOrientationLandscapeRight";
				INFOPLIST_KEY_UISupportedInterfaceOrientations_iPhone = "UIInterfaceOrientationPortrait UIInterfaceOrientationLandscapeLeft UIInterfaceOrientationLandscapeRight";
				IPHONEOS_DEPLOYMENT_TARGET = 16.1;
				LD_RUNPATH_SEARCH_PATHS = (
					"$(inherited)",
					"@executable_path/Frameworks",
				);
				MARKETING_VERSION = 1.0;
				PRODUCT_BUNDLE_IDENTIFIER = edu.monash.Tripo;
				PRODUCT_NAME = "$(TARGET_NAME)";
				SWIFT_EMIT_LOC_STRINGS = YES;
				SWIFT_VERSION = 5.0;
				TARGETED_DEVICE_FAMILY = "1,2";
			};
			name = Debug;
		};
		365CA9FD29F79CF20098DD7A /* Release */ = {
			isa = XCBuildConfiguration;
			buildSettings = {
				ASSETCATALOG_COMPILER_APPICON_NAME = AppIcon;
				ASSETCATALOG_COMPILER_GLOBAL_ACCENT_COLOR_NAME = AccentColor;
				CODE_SIGN_STYLE = Automatic;
				CURRENT_PROJECT_VERSION = 1;
				GENERATE_INFOPLIST_FILE = YES;
				INFOPLIST_FILE = Tripo/Info.plist;
				INFOPLIST_KEY_UIApplicationSupportsIndirectInputEvents = YES;
				INFOPLIST_KEY_UILaunchStoryboardName = LaunchScreen;
				INFOPLIST_KEY_UIMainStoryboardFile = Main;
				INFOPLIST_KEY_UIRequiresFullScreen = NO;
				INFOPLIST_KEY_UISupportedInterfaceOrientations_iPad = "UIInterfaceOrientationPortrait UIInterfaceOrientationPortraitUpsideDown UIInterfaceOrientationLandscapeLeft UIInterfaceOrientationLandscapeRight";
				INFOPLIST_KEY_UISupportedInterfaceOrientations_iPhone = "UIInterfaceOrientationPortrait UIInterfaceOrientationLandscapeLeft UIInterfaceOrientationLandscapeRight";
				IPHONEOS_DEPLOYMENT_TARGET = 16.1;
				LD_RUNPATH_SEARCH_PATHS = (
					"$(inherited)",
					"@executable_path/Frameworks",
				);
				MARKETING_VERSION = 1.0;
				PRODUCT_BUNDLE_IDENTIFIER = edu.monash.Tripo;
				PRODUCT_NAME = "$(TARGET_NAME)";
				SWIFT_EMIT_LOC_STRINGS = YES;
				SWIFT_VERSION = 5.0;
				TARGETED_DEVICE_FAMILY = "1,2";
			};
			name = Release;
		};
/* End XCBuildConfiguration section */

/* Begin XCConfigurationList section */
		365CA9E229F79CF00098DD7A /* Build configuration list for PBXProject "Tripo" */ = {
			isa = XCConfigurationList;
			buildConfigurations = (
				365CA9F929F79CF20098DD7A /* Debug */,
				365CA9FA29F79CF20098DD7A /* Release */,
			);
			defaultConfigurationIsVisible = 0;
			defaultConfigurationName = Release;
		};
		365CA9FB29F79CF20098DD7A /* Build configuration list for PBXNativeTarget "Tripo" */ = {
			isa = XCConfigurationList;
			buildConfigurations = (
				365CA9FC29F79CF20098DD7A /* Debug */,
				365CA9FD29F79CF20098DD7A /* Release */,
			);
			defaultConfigurationIsVisible = 0;
			defaultConfigurationName = Release;
		};
/* End XCConfigurationList section */

/* Begin XCRemoteSwiftPackageReference section */
		367D0B8329F7C4C4004828A3 /* XCRemoteSwiftPackageReference "firebase-ios-sdk" */ = {
			isa = XCRemoteSwiftPackageReference;
			repositoryURL = "https://github.com/firebase/firebase-ios-sdk.git";
			requirement = {
				kind = upToNextMajorVersion;
				minimumVersion = 9.0.0;
			};
		};
/* End XCRemoteSwiftPackageReference section */

/* Begin XCSwiftPackageProductDependency section */
		367D0B8429F7C4C4004828A3 /* FirebaseAuth */ = {
			isa = XCSwiftPackageProductDependency;
			package = 367D0B8329F7C4C4004828A3 /* XCRemoteSwiftPackageReference "firebase-ios-sdk" */;
			productName = FirebaseAuth;
		};
		367D0B8629F7C4C4004828A3 /* FirebaseFirestore */ = {
			isa = XCSwiftPackageProductDependency;
			package = 367D0B8329F7C4C4004828A3 /* XCRemoteSwiftPackageReference "firebase-ios-sdk" */;
			productName = FirebaseFirestore;
		};
		367D0B8829F7C4C4004828A3 /* FirebaseFirestoreSwift */ = {
			isa = XCSwiftPackageProductDependency;
			package = 367D0B8329F7C4C4004828A3 /* XCRemoteSwiftPackageReference "firebase-ios-sdk" */;
			productName = FirebaseFirestoreSwift;
		};
/* End XCSwiftPackageProductDependency section */
	};
	rootObject = 365CA9DF29F79CF00098DD7A /* Project object */;
}
